
Microsoft Visual Studio Solution File, Format Version 12.00
# Visual Studio Version 17
VisualStudioVersion = 17.12.35728.132 d17.12
MinimumVisualStudioVersion = 10.0.40219.1
Project("{2150E333-8FDC-42A3-9474-1A3956D46DE8}") = "Services", "Services", "{48FC203D-93E3-4397-86ED-8A1E61A4193C}"
EndProject
Project("{2150E333-8FDC-42A3-9474-1A3956D46DE8}") = "Catalog", "Catalog", "{07A49514-B5E0-416D-9A8C-8222C9DDB770}"
EndProject
Project("{FAE04EC0-301F-11D3-BF4B-00C04F79EFBC}") = "MultiShop.Catalog", "Services\Catalog\MultiShop.Catalog\MultiShop.Catalog.csproj", "{7FB143A4-16C6-4B1A-88CC-31AAF2FD076E}"
EndProject
Global
	GlobalSection(SolutionConfigurationPlatforms) = preSolution
		Debug|Any CPU = Debug|Any CPU
		Release|Any CPU = Release|Any CPU
	EndGlobalSection
	GlobalSection(ProjectConfigurationPlatforms) = postSolution
		{7FB143A4-16C6-4B1A-88CC-31AAF2FD076E}.Debug|Any CPU.ActiveCfg = Debug|Any CPU
		{7FB143A4-16C6-4B1A-88CC-31AAF2FD076E}.Debug|Any CPU.Build.0 = Debug|Any CPU
		{7FB143A4-16C6-4B1A-88CC-31AAF2FD076E}.Release|Any CPU.ActiveCfg = Release|Any CPU
		{7FB143A4-16C6-4B1A-88CC-31AAF2FD076E}.Release|Any CPU.Build.0 = Release|Any CPU
	EndGlobalSection
	GlobalSection(SolutionProperties) = preSolution
		HideSolutionNode = FALSE
	EndGlobalSection
	GlobalSection(NestedProjects) = preSolution
		{07A49514-B5E0-416D-9A8C-8222C9DDB770} = {48FC203D-93E3-4397-86ED-8A1E61A4193C}
		{7FB143A4-16C6-4B1A-88CC-31AAF2FD076E} = {07A49514-B5E0-416D-9A8C-8222C9DDB770}
	EndGlobalSection
EndGlobal
